// !$*UTF8*$!
{
	archiveVersion = 1;
	classes = {
	};
	objectVersion = 55;
	objects = {

/* Begin PBXBuildFile section */
		0EE23A87285F626500ACBD61 /* HoverApp.swift in Sources */ = {isa = PBXBuildFile; fileRef = 0EE23A86285F626500ACBD61 /* HoverApp.swift */; };
		0EE23A89285F626500ACBD61 /* ContentView.swift in Sources */ = {isa = PBXBuildFile; fileRef = 0EE23A88285F626500ACBD61 /* ContentView.swift */; };
		0EE23A8B285F626700ACBD61 /* Assets.xcassets in Resources */ = {isa = PBXBuildFile; fileRef = 0EE23A8A285F626700ACBD61 /* Assets.xcassets */; };
		0EE23A8E285F626700ACBD61 /* Preview Assets.xcassets in Resources */ = {isa = PBXBuildFile; fileRef = 0EE23A8D285F626700ACBD61 /* Preview Assets.xcassets */; };
		0EE23A98285F62EA00ACBD61 /* HomeScreen.swift in Sources */ = {isa = PBXBuildFile; fileRef = 0EE23A97285F62EA00ACBD61 /* HomeScreen.swift */; };
		0EE23A9C285F633100ACBD61 /* Activity.swift in Sources */ = {isa = PBXBuildFile; fileRef = 0EE23A9B285F633100ACBD61 /* Activity.swift */; };
		0EE23A9F285F63B700ACBD61 /* Tag.swift in Sources */ = {isa = PBXBuildFile; fileRef = 0EE23A9E285F63B700ACBD61 /* Tag.swift */; };
		0EE23AA2285F646B00ACBD61 /* Function.swift in Sources */ = {isa = PBXBuildFile; fileRef = 0EE23AA1285F646B00ACBD61 /* Function.swift */; };
		9384665D2868B7A600A4CD36 /* datLove.xcdatamodeld in Sources */ = {isa = PBXBuildFile; fileRef = 9384665B2868B7A600A4CD36 /* datLove.xcdatamodeld */; };
		9384665F2868BCDE00A4CD36 /* DataController.swift in Sources */ = {isa = PBXBuildFile; fileRef = 9384665E2868BCDE00A4CD36 /* DataController.swift */; };
		938466622868C22F00A4CD36 /* CoreDataTest.swift in Sources */ = {isa = PBXBuildFile; fileRef = 938466612868C22F00A4CD36 /* CoreDataTest.swift */; };
		FDD705D12865DAE80003D311 /* NamePrompt.swift in Sources */ = {isa = PBXBuildFile; fileRef = FDD705D02865DAE80003D311 /* NamePrompt.swift */; };
		FDD705D52865DB060003D311 /* SpecialDatePrompt.swift in Sources */ = {isa = PBXBuildFile; fileRef = FDD705D42865DB060003D311 /* SpecialDatePrompt.swift */; };
		FDD705D72865DB6C0003D311 /* LoveLanguagePrompt.swift in Sources */ = {isa = PBXBuildFile; fileRef = FDD705D62865DB6C0003D311 /* LoveLanguagePrompt.swift */; };
		FDD705DA2865DB930003D311 /* QuestionLoveLanguage.swift in Sources */ = {isa = PBXBuildFile; fileRef = FDD705D92865DB930003D311 /* QuestionLoveLanguage.swift */; };
		FDD705DD2865DBCD0003D311 /* SpecialDatePage.swift in Sources */ = {isa = PBXBuildFile; fileRef = FDD705DC2865DBCD0003D311 /* SpecialDatePage.swift */; };
		FDD705DF2865DC100003D311 /* SpecialDateForm.swift in Sources */ = {isa = PBXBuildFile; fileRef = FDD705DE2865DC100003D311 /* SpecialDateForm.swift */; };
		FDD705E22865DC5A0003D311 /* MemoryPage.swift in Sources */ = {isa = PBXBuildFile; fileRef = FDD705E12865DC5A0003D311 /* MemoryPage.swift */; };
		FDD705E52865DC9B0003D311 /* ActivityPage.swift in Sources */ = {isa = PBXBuildFile; fileRef = FDD705E42865DC9B0003D311 /* ActivityPage.swift */; };
		FDD705E72865DCBA0003D311 /* ActivityForm.swift in Sources */ = {isa = PBXBuildFile; fileRef = FDD705E62865DCBA0003D311 /* ActivityForm.swift */; };
		FDD705EA2865DD020003D311 /* ProfilePage.swift in Sources */ = {isa = PBXBuildFile; fileRef = FDD705E92865DD020003D311 /* ProfilePage.swift */; };
		FDD705EC2865DD1A0003D311 /* TestResultPage.swift in Sources */ = {isa = PBXBuildFile; fileRef = FDD705EB2865DD1A0003D311 /* TestResultPage.swift */; };
		FDD705EE2865DD6C0003D311 /* MemoryForm.swift in Sources */ = {isa = PBXBuildFile; fileRef = FDD705ED2865DD6C0003D311 /* MemoryForm.swift */; };
		FDD705F02865DFB10003D311 /* OnboardingPage.swift in Sources */ = {isa = PBXBuildFile; fileRef = FDD705EF2865DFB10003D311 /* OnboardingPage.swift */; };
/* End PBXBuildFile section */

/* Begin PBXFileReference section */
		0EE23A83285F626500ACBD61 /* Hover.app */ = {isa = PBXFileReference; explicitFileType = wrapper.application; includeInIndex = 0; path = Hover.app; sourceTree = BUILT_PRODUCTS_DIR; };
		0EE23A86285F626500ACBD61 /* HoverApp.swift */ = {isa = PBXFileReference; lastKnownFileType = sourcecode.swift; path = HoverApp.swift; sourceTree = "<group>"; };
		0EE23A88285F626500ACBD61 /* ContentView.swift */ = {isa = PBXFileReference; lastKnownFileType = sourcecode.swift; path = ContentView.swift; sourceTree = "<group>"; };
		0EE23A8A285F626700ACBD61 /* Assets.xcassets */ = {isa = PBXFileReference; lastKnownFileType = folder.assetcatalog; path = Assets.xcassets; sourceTree = "<group>"; };
		0EE23A8D285F626700ACBD61 /* Preview Assets.xcassets */ = {isa = PBXFileReference; lastKnownFileType = folder.assetcatalog; path = "Preview Assets.xcassets"; sourceTree = "<group>"; };
		0EE23A97285F62EA00ACBD61 /* HomeScreen.swift */ = {isa = PBXFileReference; lastKnownFileType = sourcecode.swift; path = HomeScreen.swift; sourceTree = "<group>"; };
		0EE23A9B285F633100ACBD61 /* Activity.swift */ = {isa = PBXFileReference; lastKnownFileType = sourcecode.swift; path = Activity.swift; sourceTree = "<group>"; };
		0EE23A9E285F63B700ACBD61 /* Tag.swift */ = {isa = PBXFileReference; lastKnownFileType = sourcecode.swift; path = Tag.swift; sourceTree = "<group>"; };
		0EE23AA1285F646B00ACBD61 /* Function.swift */ = {isa = PBXFileReference; fileEncoding = 4; lastKnownFileType = sourcecode.swift; path = Function.swift; sourceTree = "<group>"; };
		9384665C2868B7A600A4CD36 /* datLove.xcdatamodel */ = {isa = PBXFileReference; lastKnownFileType = wrapper.xcdatamodel; path = datLove.xcdatamodel; sourceTree = "<group>"; };
		9384665E2868BCDE00A4CD36 /* DataController.swift */ = {isa = PBXFileReference; lastKnownFileType = sourcecode.swift; path = DataController.swift; sourceTree = "<group>"; };
		938466612868C22F00A4CD36 /* CoreDataTest.swift */ = {isa = PBXFileReference; lastKnownFileType = sourcecode.swift; path = CoreDataTest.swift; sourceTree = "<group>"; };
		FDD705D02865DAE80003D311 /* NamePrompt.swift */ = {isa = PBXFileReference; lastKnownFileType = sourcecode.swift; path = NamePrompt.swift; sourceTree = "<group>"; };
		FDD705D42865DB060003D311 /* SpecialDatePrompt.swift */ = {isa = PBXFileReference; lastKnownFileType = sourcecode.swift; path = SpecialDatePrompt.swift; sourceTree = "<group>"; };
		FDD705D62865DB6C0003D311 /* LoveLanguagePrompt.swift */ = {isa = PBXFileReference; lastKnownFileType = sourcecode.swift; path = LoveLanguagePrompt.swift; sourceTree = "<group>"; };
		FDD705D92865DB930003D311 /* QuestionLoveLanguage.swift */ = {isa = PBXFileReference; lastKnownFileType = sourcecode.swift; path = QuestionLoveLanguage.swift; sourceTree = "<group>"; };
		FDD705DC2865DBCD0003D311 /* SpecialDatePage.swift */ = {isa = PBXFileReference; lastKnownFileType = sourcecode.swift; path = SpecialDatePage.swift; sourceTree = "<group>"; };
		FDD705DE2865DC100003D311 /* SpecialDateForm.swift */ = {isa = PBXFileReference; lastKnownFileType = sourcecode.swift; path = SpecialDateForm.swift; sourceTree = "<group>"; };
		FDD705E12865DC5A0003D311 /* MemoryPage.swift */ = {isa = PBXFileReference; lastKnownFileType = sourcecode.swift; path = MemoryPage.swift; sourceTree = "<group>"; };
		FDD705E42865DC9B0003D311 /* ActivityPage.swift */ = {isa = PBXFileReference; lastKnownFileType = sourcecode.swift; path = ActivityPage.swift; sourceTree = "<group>"; };
		FDD705E62865DCBA0003D311 /* ActivityForm.swift */ = {isa = PBXFileReference; lastKnownFileType = sourcecode.swift; path = ActivityForm.swift; sourceTree = "<group>"; };
		FDD705E92865DD020003D311 /* ProfilePage.swift */ = {isa = PBXFileReference; lastKnownFileType = sourcecode.swift; path = ProfilePage.swift; sourceTree = "<group>"; };
		FDD705EB2865DD1A0003D311 /* TestResultPage.swift */ = {isa = PBXFileReference; lastKnownFileType = sourcecode.swift; path = TestResultPage.swift; sourceTree = "<group>"; };
		FDD705ED2865DD6C0003D311 /* MemoryForm.swift */ = {isa = PBXFileReference; lastKnownFileType = sourcecode.swift; path = MemoryForm.swift; sourceTree = "<group>"; };
		FDD705EF2865DFB10003D311 /* OnboardingPage.swift */ = {isa = PBXFileReference; lastKnownFileType = sourcecode.swift; path = OnboardingPage.swift; sourceTree = "<group>"; };
/* End PBXFileReference section */

/* Begin PBXFrameworksBuildPhase section */
		0EE23A80285F626500ACBD61 /* Frameworks */ = {
			isa = PBXFrameworksBuildPhase;
			buildActionMask = 2147483647;
			files = (
			);
			runOnlyForDeploymentPostprocessing = 0;
		};
/* End PBXFrameworksBuildPhase section */

/* Begin PBXGroup section */
		0EE23A7A285F626500ACBD61 = {
			isa = PBXGroup;
			children = (
				0EE23A85285F626500ACBD61 /* Hover */,
				0EE23A84285F626500ACBD61 /* Products */,
			);
			sourceTree = "<group>";
		};
		0EE23A84285F626500ACBD61 /* Products */ = {
			isa = PBXGroup;
			children = (
				0EE23A83285F626500ACBD61 /* Hover.app */,
			);
			name = Products;
			sourceTree = "<group>";
		};
		0EE23A85285F626500ACBD61 /* Hover */ = {
			isa = PBXGroup;
			children = (
				938466602868C21700A4CD36 /* CoreDataTest */,
				0EE23AA0285F644A00ACBD61 /* services */,
				0EE23A99285F631E00ACBD61 /* models */,
				0EE23A86285F626500ACBD61 /* HoverApp.swift */,
				0EE23A88285F626500ACBD61 /* ContentView.swift */,
				0EE23A94285F62AF00ACBD61 /* views */,
				0EE23A8A285F626700ACBD61 /* Assets.xcassets */,
				0EE23A8C285F626700ACBD61 /* Preview Content */,
				9384665B2868B7A600A4CD36 /* datLove.xcdatamodeld */,
			);
			path = Hover;
			sourceTree = "<group>";
		};
		0EE23A8C285F626700ACBD61 /* Preview Content */ = {
			isa = PBXGroup;
			children = (
				0EE23A8D285F626700ACBD61 /* Preview Assets.xcassets */,
			);
			path = "Preview Content";
			sourceTree = "<group>";
		};
		0EE23A94285F62AF00ACBD61 /* views */ = {
			isa = PBXGroup;
			children = (
				0EE23A9D285F63A900ACBD61 /* _shared */,
				0EE23A95285F62B900ACBD61 /* screen */,
			);
			path = views;
			sourceTree = "<group>";
		};
		0EE23A95285F62B900ACBD61 /* screen */ = {
			isa = PBXGroup;
			children = (
				FDD705E82865DCF60003D311 /* profile */,
				FDD705E32865DC8D0003D311 /* activity */,
				FDD705E02865DC4F0003D311 /* memory */,
				FDD705DB2865DBB20003D311 /* specialDate */,
				FDD705D82865DB720003D311 /* loveLanguageTest */,
				FDD705CF2865DAB10003D311 /* onboarding */,
				0EE23A96285F62D300ACBD61 /* home */,
			);
			path = screen;
			sourceTree = "<group>";
		};
		0EE23A96285F62D300ACBD61 /* home */ = {
			isa = PBXGroup;
			children = (
				0EE23A97285F62EA00ACBD61 /* HomeScreen.swift */,
			);
			path = home;
			sourceTree = "<group>";
		};
		0EE23A99285F631E00ACBD61 /* models */ = {
			isa = PBXGroup;
			children = (
				0EE23A9B285F633100ACBD61 /* Activity.swift */,
				9384665E2868BCDE00A4CD36 /* DataController.swift */,
			);
			path = models;
			sourceTree = "<group>";
		};
		0EE23A9D285F63A900ACBD61 /* _shared */ = {
			isa = PBXGroup;
			children = (
				0EE23A9E285F63B700ACBD61 /* Tag.swift */,
			);
			path = _shared;
			sourceTree = "<group>";
		};
		0EE23AA0285F644A00ACBD61 /* services */ = {
			isa = PBXGroup;
			children = (
				0EE23AA1285F646B00ACBD61 /* Function.swift */,
			);
			path = services;
			sourceTree = "<group>";
		};
		938466602868C21700A4CD36 /* CoreDataTest */ = {
			isa = PBXGroup;
			children = (
				938466612868C22F00A4CD36 /* CoreDataTest.swift */,
			);
			path = CoreDataTest;
			sourceTree = "<group>";
		};
		FDD705CF2865DAB10003D311 /* onboarding */ = {
			isa = PBXGroup;
			children = (
				FDD705D02865DAE80003D311 /* NamePrompt.swift */,
				FDD705D42865DB060003D311 /* SpecialDatePrompt.swift */,
				FDD705D62865DB6C0003D311 /* LoveLanguagePrompt.swift */,
				FDD705EF2865DFB10003D311 /* OnboardingPage.swift */,
			);
			path = onboarding;
			sourceTree = "<group>";
		};
		FDD705D82865DB720003D311 /* loveLanguageTest */ = {
			isa = PBXGroup;
			children = (
				FDD705D92865DB930003D311 /* QuestionLoveLanguage.swift */,
				FDD705EB2865DD1A0003D311 /* TestResultPage.swift */,
			);
			path = loveLanguageTest;
			sourceTree = "<group>";
		};
		FDD705DB2865DBB20003D311 /* specialDate */ = {
			isa = PBXGroup;
			children = (
				FDD705DC2865DBCD0003D311 /* SpecialDatePage.swift */,
				FDD705DE2865DC100003D311 /* SpecialDateForm.swift */,
			);
			path = specialDate;
			sourceTree = "<group>";
		};
		FDD705E02865DC4F0003D311 /* memory */ = {
			isa = PBXGroup;
			children = (
				FDD705E12865DC5A0003D311 /* MemoryPage.swift */,
				FDD705ED2865DD6C0003D311 /* MemoryForm.swift */,
			);
			path = memory;
			sourceTree = "<group>";
		};
		FDD705E32865DC8D0003D311 /* activity */ = {
			isa = PBXGroup;
			children = (
				FDD705E42865DC9B0003D311 /* ActivityPage.swift */,
				FDD705E62865DCBA0003D311 /* ActivityForm.swift */,
			);
			path = activity;
			sourceTree = "<group>";
		};
		FDD705E82865DCF60003D311 /* profile */ = {
			isa = PBXGroup;
			children = (
				FDD705E92865DD020003D311 /* ProfilePage.swift */,
			);
			path = profile;
			sourceTree = "<group>";
		};
/* End PBXGroup section */

/* Begin PBXNativeTarget section */
		0EE23A82285F626500ACBD61 /* Hover */ = {
			isa = PBXNativeTarget;
			buildConfigurationList = 0EE23A91285F626700ACBD61 /* Build configuration list for PBXNativeTarget "Hover" */;
			buildPhases = (
				0EE23A7F285F626500ACBD61 /* Sources */,
				0EE23A80285F626500ACBD61 /* Frameworks */,
				0EE23A81285F626500ACBD61 /* Resources */,
			);
			buildRules = (
			);
			dependencies = (
			);
			name = Hover;
			productName = Hover;
			productReference = 0EE23A83285F626500ACBD61 /* Hover.app */;
			productType = "com.apple.product-type.application";
		};
/* End PBXNativeTarget section */

/* Begin PBXProject section */
		0EE23A7B285F626500ACBD61 /* Project object */ = {
			isa = PBXProject;
			attributes = {
				BuildIndependentTargetsInParallel = 1;
				LastSwiftUpdateCheck = 1340;
				LastUpgradeCheck = 1340;
				TargetAttributes = {
					0EE23A82285F626500ACBD61 = {
						CreatedOnToolsVersion = 13.4;
					};
				};
			};
			buildConfigurationList = 0EE23A7E285F626500ACBD61 /* Build configuration list for PBXProject "Hover" */;
			compatibilityVersion = "Xcode 13.0";
			developmentRegion = en;
			hasScannedForEncodings = 0;
			knownRegions = (
				en,
				Base,
			);
			mainGroup = 0EE23A7A285F626500ACBD61;
			productRefGroup = 0EE23A84285F626500ACBD61 /* Products */;
			projectDirPath = "";
			projectRoot = "";
			targets = (
				0EE23A82285F626500ACBD61 /* Hover */,
			);
		};
/* End PBXProject section */

/* Begin PBXResourcesBuildPhase section */
		0EE23A81285F626500ACBD61 /* Resources */ = {
			isa = PBXResourcesBuildPhase;
			buildActionMask = 2147483647;
			files = (
				0EE23A8E285F626700ACBD61 /* Preview Assets.xcassets in Resources */,
				0EE23A8B285F626700ACBD61 /* Assets.xcassets in Resources */,
			);
			runOnlyForDeploymentPostprocessing = 0;
		};
/* End PBXResourcesBuildPhase section */

/* Begin PBXSourcesBuildPhase section */
		0EE23A7F285F626500ACBD61 /* Sources */ = {
			isa = PBXSourcesBuildPhase;
			buildActionMask = 2147483647;
			files = (
				0EE23A89285F626500ACBD61 /* ContentView.swift in Sources */,
				FDD705DA2865DB930003D311 /* QuestionLoveLanguage.swift in Sources */,
				FDD705F02865DFB10003D311 /* OnboardingPage.swift in Sources */,
				FDD705EE2865DD6C0003D311 /* MemoryForm.swift in Sources */,
				FDD705DD2865DBCD0003D311 /* SpecialDatePage.swift in Sources */,
				FDD705E22865DC5A0003D311 /* MemoryPage.swift in Sources */,
				FDD705DF2865DC100003D311 /* SpecialDateForm.swift in Sources */,
				9384665F2868BCDE00A4CD36 /* DataController.swift in Sources */,
				9384665D2868B7A600A4CD36 /* datLove.xcdatamodeld in Sources */,
				0EE23A87285F626500ACBD61 /* HoverApp.swift in Sources */,
				0EE23A9F285F63B700ACBD61 /* Tag.swift in Sources */,
				FDD705D12865DAE80003D311 /* NamePrompt.swift in Sources */,
				0EE23AA2285F646B00ACBD61 /* Function.swift in Sources */,
				FDD705E72865DCBA0003D311 /* ActivityForm.swift in Sources */,
				FDD705EA2865DD020003D311 /* ProfilePage.swift in Sources */,
				FDD705E52865DC9B0003D311 /* ActivityPage.swift in Sources */,
				FDD705D52865DB060003D311 /* SpecialDatePrompt.swift in Sources */,
				0EE23A9C285F633100ACBD61 /* Activity.swift in Sources */,
				0EE23A98285F62EA00ACBD61 /* HomeScreen.swift in Sources */,
				FDD705EC2865DD1A0003D311 /* TestResultPage.swift in Sources */,
				938466622868C22F00A4CD36 /* CoreDataTest.swift in Sources */,
				FDD705D72865DB6C0003D311 /* LoveLanguagePrompt.swift in Sources */,
			);
			runOnlyForDeploymentPostprocessing = 0;
		};
/* End PBXSourcesBuildPhase section */

/* Begin XCBuildConfiguration section */
		0EE23A8F285F626700ACBD61 /* Debug */ = {
			isa = XCBuildConfiguration;
			buildSettings = {
				ALWAYS_SEARCH_USER_PATHS = NO;
				CLANG_ANALYZER_NONNULL = YES;
				CLANG_ANALYZER_NUMBER_OBJECT_CONVERSION = YES_AGGRESSIVE;
				CLANG_CXX_LANGUAGE_STANDARD = "gnu++17";
				CLANG_ENABLE_MODULES = YES;
				CLANG_ENABLE_OBJC_ARC = YES;
				CLANG_ENABLE_OBJC_WEAK = YES;
				CLANG_WARN_BLOCK_CAPTURE_AUTORELEASING = YES;
				CLANG_WARN_BOOL_CONVERSION = YES;
				CLANG_WARN_COMMA = YES;
				CLANG_WARN_CONSTANT_CONVERSION = YES;
				CLANG_WARN_DEPRECATED_OBJC_IMPLEMENTATIONS = YES;
				CLANG_WARN_DIRECT_OBJC_ISA_USAGE = YES_ERROR;
				CLANG_WARN_DOCUMENTATION_COMMENTS = YES;
				CLANG_WARN_EMPTY_BODY = YES;
				CLANG_WARN_ENUM_CONVERSION = YES;
				CLANG_WARN_INFINITE_RECURSION = YES;
				CLANG_WARN_INT_CONVERSION = YES;
				CLANG_WARN_NON_LITERAL_NULL_CONVERSION = YES;
				CLANG_WARN_OBJC_IMPLICIT_RETAIN_SELF = YES;
				CLANG_WARN_OBJC_LITERAL_CONVERSION = YES;
				CLANG_WARN_OBJC_ROOT_CLASS = YES_ERROR;
				CLANG_WARN_QUOTED_INCLUDE_IN_FRAMEWORK_HEADER = YES;
				CLANG_WARN_RANGE_LOOP_ANALYSIS = YES;
				CLANG_WARN_STRICT_PROTOTYPES = YES;
				CLANG_WARN_SUSPICIOUS_MOVE = YES;
				CLANG_WARN_UNGUARDED_AVAILABILITY = YES_AGGRESSIVE;
				CLANG_WARN_UNREACHABLE_CODE = YES;
				CLANG_WARN__DUPLICATE_METHOD_MATCH = YES;
				COPY_PHASE_STRIP = NO;
				DEBUG_INFORMATION_FORMAT = dwarf;
				ENABLE_STRICT_OBJC_MSGSEND = YES;
				ENABLE_TESTABILITY = YES;
				GCC_C_LANGUAGE_STANDARD = gnu11;
				GCC_DYNAMIC_NO_PIC = NO;
				GCC_NO_COMMON_BLOCKS = YES;
				GCC_OPTIMIZATION_LEVEL = 0;
				GCC_PREPROCESSOR_DEFINITIONS = (
					"DEBUG=1",
					"$(inherited)",
				);
				GCC_WARN_64_TO_32_BIT_CONVERSION = YES;
				GCC_WARN_ABOUT_RETURN_TYPE = YES_ERROR;
				GCC_WARN_UNDECLARED_SELECTOR = YES;
				GCC_WARN_UNINITIALIZED_AUTOS = YES_AGGRESSIVE;
				GCC_WARN_UNUSED_FUNCTION = YES;
				GCC_WARN_UNUSED_VARIABLE = YES;
				IPHONEOS_DEPLOYMENT_TARGET = 15.5;
				MTL_ENABLE_DEBUG_INFO = INCLUDE_SOURCE;
				MTL_FAST_MATH = YES;
				ONLY_ACTIVE_ARCH = YES;
				SDKROOT = iphoneos;
				SWIFT_ACTIVE_COMPILATION_CONDITIONS = DEBUG;
				SWIFT_OPTIMIZATION_LEVEL = "-Onone";
			};
			name = Debug;
		};
		0EE23A90285F626700ACBD61 /* Release */ = {
			isa = XCBuildConfiguration;
			buildSettings = {
				ALWAYS_SEARCH_USER_PATHS = NO;
				CLANG_ANALYZER_NONNULL = YES;
				CLANG_ANALYZER_NUMBER_OBJECT_CONVERSION = YES_AGGRESSIVE;
				CLANG_CXX_LANGUAGE_STANDARD = "gnu++17";
				CLANG_ENABLE_MODULES = YES;
				CLANG_ENABLE_OBJC_ARC = YES;
				CLANG_ENABLE_OBJC_WEAK = YES;
				CLANG_WARN_BLOCK_CAPTURE_AUTORELEASING = YES;
				CLANG_WARN_BOOL_CONVERSION = YES;
				CLANG_WARN_COMMA = YES;
				CLANG_WARN_CONSTANT_CONVERSION = YES;
				CLANG_WARN_DEPRECATED_OBJC_IMPLEMENTATIONS = YES;
				CLANG_WARN_DIRECT_OBJC_ISA_USAGE = YES_ERROR;
				CLANG_WARN_DOCUMENTATION_COMMENTS = YES;
				CLANG_WARN_EMPTY_BODY = YES;
				CLANG_WARN_ENUM_CONVERSION = YES;
				CLANG_WARN_INFINITE_RECURSION = YES;
				CLANG_WARN_INT_CONVERSION = YES;
				CLANG_WARN_NON_LITERAL_NULL_CONVERSION = YES;
				CLANG_WARN_OBJC_IMPLICIT_RETAIN_SELF = YES;
				CLANG_WARN_OBJC_LITERAL_CONVERSION = YES;
				CLANG_WARN_OBJC_ROOT_CLASS = YES_ERROR;
				CLANG_WARN_QUOTED_INCLUDE_IN_FRAMEWORK_HEADER = YES;
				CLANG_WARN_RANGE_LOOP_ANALYSIS = YES;
				CLANG_WARN_STRICT_PROTOTYPES = YES;
				CLANG_WARN_SUSPICIOUS_MOVE = YES;
				CLANG_WARN_UNGUARDED_AVAILABILITY = YES_AGGRESSIVE;
				CLANG_WARN_UNREACHABLE_CODE = YES;
				CLANG_WARN__DUPLICATE_METHOD_MATCH = YES;
				COPY_PHASE_STRIP = NO;
				DEBUG_INFORMATION_FORMAT = "dwarf-with-dsym";
				ENABLE_NS_ASSERTIONS = NO;
				ENABLE_STRICT_OBJC_MSGSEND = YES;
				GCC_C_LANGUAGE_STANDARD = gnu11;
				GCC_NO_COMMON_BLOCKS = YES;
				GCC_WARN_64_TO_32_BIT_CONVERSION = YES;
				GCC_WARN_ABOUT_RETURN_TYPE = YES_ERROR;
				GCC_WARN_UNDECLARED_SELECTOR = YES;
				GCC_WARN_UNINITIALIZED_AUTOS = YES_AGGRESSIVE;
				GCC_WARN_UNUSED_FUNCTION = YES;
				GCC_WARN_UNUSED_VARIABLE = YES;
				IPHONEOS_DEPLOYMENT_TARGET = 15.5;
				MTL_ENABLE_DEBUG_INFO = NO;
				MTL_FAST_MATH = YES;
				SDKROOT = iphoneos;
				SWIFT_COMPILATION_MODE = wholemodule;
				SWIFT_OPTIMIZATION_LEVEL = "-O";
				VALIDATE_PRODUCT = YES;
			};
			name = Release;
		};
		0EE23A92285F626700ACBD61 /* Debug */ = {
			isa = XCBuildConfiguration;
			buildSettings = {
				ASSETCATALOG_COMPILER_APPICON_NAME = AppIcon;
				ASSETCATALOG_COMPILER_GLOBAL_ACCENT_COLOR_NAME = AccentColor;
				CODE_SIGN_STYLE = Automatic;
				CURRENT_PROJECT_VERSION = 1;
				DEVELOPMENT_ASSET_PATHS = "\"Hover/Preview Content\"";
				DEVELOPMENT_TEAM = 474XANH3RF;
				ENABLE_PREVIEWS = YES;
				GENERATE_INFOPLIST_FILE = YES;
				INFOPLIST_KEY_UIApplicationSceneManifest_Generation = YES;
				INFOPLIST_KEY_UIApplicationSupportsIndirectInputEvents = YES;
				INFOPLIST_KEY_UILaunchScreen_Generation = YES;
				INFOPLIST_KEY_UISupportedInterfaceOrientations_iPad = "UIInterfaceOrientationPortrait UIInterfaceOrientationPortraitUpsideDown UIInterfaceOrientationLandscapeLeft UIInterfaceOrientationLandscapeRight";
				INFOPLIST_KEY_UISupportedInterfaceOrientations_iPhone = "UIInterfaceOrientationPortrait UIInterfaceOrientationLandscapeLeft UIInterfaceOrientationLandscapeRight";
				LD_RUNPATH_SEARCH_PATHS = (
					"$(inherited)",
					"@executable_path/Frameworks",
				);
				MARKETING_VERSION = 1.0;
				PRODUCT_BUNDLE_IDENTIFIER = ditcu.Hover;
				PRODUCT_NAME = "$(TARGET_NAME)";
				SWIFT_EMIT_LOC_STRINGS = YES;
				SWIFT_VERSION = 5.0;
				TARGETED_DEVICE_FAMILY = "1,2";
			};
			name = Debug;
		};
		0EE23A93285F626700ACBD61 /* Release */ = {
			isa = XCBuildConfiguration;
			buildSettings = {
				ASSETCATALOG_COMPILER_APPICON_NAME = AppIcon;
				ASSETCATALOG_COMPILER_GLOBAL_ACCENT_COLOR_NAME = AccentColor;
				CODE_SIGN_STYLE = Automatic;
				CURRENT_PROJECT_VERSION = 1;
				DEVELOPMENT_ASSET_PATHS = "\"Hover/Preview Content\"";
				DEVELOPMENT_TEAM = 474XANH3RF;
				ENABLE_PREVIEWS = YES;
				GENERATE_INFOPLIST_FILE = YES;
				INFOPLIST_KEY_UIApplicationSceneManifest_Generation = YES;
				INFOPLIST_KEY_UIApplicationSupportsIndirectInputEvents = YES;
				INFOPLIST_KEY_UILaunchScreen_Generation = YES;
				INFOPLIST_KEY_UISupportedInterfaceOrientations_iPad = "UIInterfaceOrientationPortrait UIInterfaceOrientationPortraitUpsideDown UIInterfaceOrientationLandscapeLeft UIInterfaceOrientationLandscapeRight";
				INFOPLIST_KEY_UISupportedInterfaceOrientations_iPhone = "UIInterfaceOrientationPortrait UIInterfaceOrientationLandscapeLeft UIInterfaceOrientationLandscapeRight";
				LD_RUNPATH_SEARCH_PATHS = (
					"$(inherited)",
					"@executable_path/Frameworks",
				);
				MARKETING_VERSION = 1.0;
				PRODUCT_BUNDLE_IDENTIFIER = ditcu.Hover;
				PRODUCT_NAME = "$(TARGET_NAME)";
				SWIFT_EMIT_LOC_STRINGS = YES;
				SWIFT_VERSION = 5.0;
				TARGETED_DEVICE_FAMILY = "1,2";
			};
			name = Release;
		};
/* End XCBuildConfiguration section */

/* Begin XCConfigurationList section */
		0EE23A7E285F626500ACBD61 /* Build configuration list for PBXProject "Hover" */ = {
			isa = XCConfigurationList;
			buildConfigurations = (
				0EE23A8F285F626700ACBD61 /* Debug */,
				0EE23A90285F626700ACBD61 /* Release */,
			);
			defaultConfigurationIsVisible = 0;
			defaultConfigurationName = Release;
		};
		0EE23A91285F626700ACBD61 /* Build configuration list for PBXNativeTarget "Hover" */ = {
			isa = XCConfigurationList;
			buildConfigurations = (
				0EE23A92285F626700ACBD61 /* Debug */,
				0EE23A93285F626700ACBD61 /* Release */,
			);
			defaultConfigurationIsVisible = 0;
			defaultConfigurationName = Release;
		};
/* End XCConfigurationList section */

/* Begin XCVersionGroup section */
		9384665B2868B7A600A4CD36 /* datLove.xcdatamodeld */ = {
			isa = XCVersionGroup;
			children = (
				9384665C2868B7A600A4CD36 /* datLove.xcdatamodel */,
			);
			currentVersion = 9384665C2868B7A600A4CD36 /* datLove.xcdatamodel */;
			path = datLove.xcdatamodeld;
			sourceTree = "<group>";
			versionGroupType = wrapper.xcdatamodel;
		};
/* End XCVersionGroup section */
	};
	rootObject = 0EE23A7B285F626500ACBD61 /* Project object */;
}
