// !$*UTF8*$!
{
	archiveVersion = 1;
	classes = {
	};
	objectVersion = 55;
	objects = {

/* Begin PBXBuildFile section */
		0E098816286B22DF00469A73 /* Colors.swift in Sources */ = {isa = PBXBuildFile; fileRef = 0E098815286B22DF00469A73 /* Colors.swift */; };
		0E4F2B682873F1FA00BCE4FC /* LaunchScreen.storyboard in Resources */ = {isa = PBXBuildFile; fileRef = 0E4F2B672873F1FA00BCE4FC /* LaunchScreen.storyboard */; };
		0E6B25A52873650B0006B7BA /* Congrats.swift in Sources */ = {isa = PBXBuildFile; fileRef = 0E6B25A42873650B0006B7BA /* Congrats.swift */; };
		0ED794DC28730C9500BE09DF /* AddActivityForm.swift in Sources */ = {isa = PBXBuildFile; fileRef = 0ED794DB28730C9500BE09DF /* AddActivityForm.swift */; };
		0EE23A87285F626500ACBD61 /* HoverApp.swift in Sources */ = {isa = PBXBuildFile; fileRef = 0EE23A86285F626500ACBD61 /* HoverApp.swift */; };
		0EE23A89285F626500ACBD61 /* ContentView.swift in Sources */ = {isa = PBXBuildFile; fileRef = 0EE23A88285F626500ACBD61 /* ContentView.swift */; };
		0EE23A8B285F626700ACBD61 /* Assets.xcassets in Resources */ = {isa = PBXBuildFile; fileRef = 0EE23A8A285F626700ACBD61 /* Assets.xcassets */; };
		0EE23A8E285F626700ACBD61 /* Preview Assets.xcassets in Resources */ = {isa = PBXBuildFile; fileRef = 0EE23A8D285F626700ACBD61 /* Preview Assets.xcassets */; };
		0EE23A98285F62EA00ACBD61 /* HomeScreen.swift in Sources */ = {isa = PBXBuildFile; fileRef = 0EE23A97285F62EA00ACBD61 /* HomeScreen.swift */; };
		0EE23A9C285F633100ACBD61 /* Activity.swift in Sources */ = {isa = PBXBuildFile; fileRef = 0EE23A9B285F633100ACBD61 /* Activity.swift */; };
		0EE23A9F285F63B700ACBD61 /* Tag.swift in Sources */ = {isa = PBXBuildFile; fileRef = 0EE23A9E285F63B700ACBD61 /* Tag.swift */; };
		0EE23AA2285F646B00ACBD61 /* Function.swift in Sources */ = {isa = PBXBuildFile; fileRef = 0EE23AA1285F646B00ACBD61 /* Function.swift */; };
		931C01812871C4F5001405CD /* NotificationFunction.swift in Sources */ = {isa = PBXBuildFile; fileRef = 931C01802871C4F5001405CD /* NotificationFunction.swift */; };
		931C01832871C71C001405CD /* NotificationModel.swift in Sources */ = {isa = PBXBuildFile; fileRef = 931C01822871C71C001405CD /* NotificationModel.swift */; };
		931C01852871DB8E001405CD /* AppDelegate.swift in Sources */ = {isa = PBXBuildFile; fileRef = 931C01842871DB8E001405CD /* AppDelegate.swift */; };
		937121A92872E10000019FD5 /* ListActivityRecommendation.swift in Sources */ = {isa = PBXBuildFile; fileRef = 937121A82872E10000019FD5 /* ListActivityRecommendation.swift */; };
		937121AB2872E43C00019FD5 /* ListActivityRecommendationStructure.swift in Sources */ = {isa = PBXBuildFile; fileRef = 937121AA2872E43C00019FD5 /* ListActivityRecommendationStructure.swift */; };
		937121AF28731E0900019FD5 /* LoveLanguageLogoBg.swift in Sources */ = {isa = PBXBuildFile; fileRef = 937121AE28731E0900019FD5 /* LoveLanguageLogoBg.swift */; };
		9384665F2868BCDE00A4CD36 /* DataController.swift in Sources */ = {isa = PBXBuildFile; fileRef = 9384665E2868BCDE00A4CD36 /* DataController.swift */; };
		938466622868C22F00A4CD36 /* CoreDataTest.swift in Sources */ = {isa = PBXBuildFile; fileRef = 938466612868C22F00A4CD36 /* CoreDataTest.swift */; };
		93A99663286C4AB100B5F844 /* ActivityTest.swift in Sources */ = {isa = PBXBuildFile; fileRef = 93A99662286C4AB100B5F844 /* ActivityTest.swift */; };
		93A99665286C4BEC00B5F844 /* ShowDataActivityTest.swift in Sources */ = {isa = PBXBuildFile; fileRef = 93A99664286C4BEC00B5F844 /* ShowDataActivityTest.swift */; };
		93DBDADE286CC86800F6AA47 /* ShowSpecialDay.swift in Sources */ = {isa = PBXBuildFile; fileRef = 93DBDADD286CC86800F6AA47 /* ShowSpecialDay.swift */; };
		93DBDAE0286CD13300F6AA47 /* AddSpecialDateTest.swift in Sources */ = {isa = PBXBuildFile; fileRef = 93DBDADF286CD13300F6AA47 /* AddSpecialDateTest.swift */; };
		FD6D9520286CA30700A25687 /* CustomModifier.swift in Sources */ = {isa = PBXBuildFile; fileRef = FD6D951F286CA30700A25687 /* CustomModifier.swift */; };
		FD6D9522286CA88A00A25687 /* IntroLoveLanguagePrompt.swift in Sources */ = {isa = PBXBuildFile; fileRef = FD6D9521286CA88A00A25687 /* IntroLoveLanguagePrompt.swift */; };
		FD6D9526286CB4E000A25687 /* Checklist.swift in Sources */ = {isa = PBXBuildFile; fileRef = FD6D9525286CB4E000A25687 /* Checklist.swift */; };
		FD6D952B286CCCC200A25687 /* LoveLanguageUser.swift in Sources */ = {isa = PBXBuildFile; fileRef = FD6D952A286CCCC200A25687 /* LoveLanguageUser.swift */; };
		FD7B63772871C88B00F019F4 /* ImagePicker.swift in Sources */ = {isa = PBXBuildFile; fileRef = FD7B63762871C88B00F019F4 /* ImagePicker.swift */; };
		FD7B63802871CBFD00F019F4 /* datLoveModel.xcdatamodeld in Sources */ = {isa = PBXBuildFile; fileRef = FD7B637C2871CBFD00F019F4 /* datLoveModel.xcdatamodeld */; };
		FD7B63832871CC2B00F019F4 /* User+CoreDataClass.swift in Sources */ = {isa = PBXBuildFile; fileRef = FD7B63812871CC2B00F019F4 /* User+CoreDataClass.swift */; };
		FD7B63842871CC2B00F019F4 /* User+CoreDataProperties.swift in Sources */ = {isa = PBXBuildFile; fileRef = FD7B63822871CC2B00F019F4 /* User+CoreDataProperties.swift */; };
		FD8413C2286D5DE800E2C4E8 /* GlobalObject.swift in Sources */ = {isa = PBXBuildFile; fileRef = FD8413C1286D5DE800E2C4E8 /* GlobalObject.swift */; };
		FDAF4E56287337510023E153 /* LoveLanguageLogoBg.swift in Sources */ = {isa = PBXBuildFile; fileRef = FDAF4E55287337510023E153 /* LoveLanguageLogoBg.swift */; };
		FDAF4E5A28735F030023E153 /* SpecialDayDetail.swift in Sources */ = {isa = PBXBuildFile; fileRef = FDAF4E5928735F030023E153 /* SpecialDayDetail.swift */; };
		FDAF4E5D28736BE70023E153 /* LoveLanguagePageController.swift in Sources */ = {isa = PBXBuildFile; fileRef = FDAF4E5C28736BE70023E153 /* LoveLanguagePageController.swift */; };
		FDAFBBCD286F89D700627BA6 /* CoreDataPreviewHelper.swift in Sources */ = {isa = PBXBuildFile; fileRef = FDAFBBCC286F89D700627BA6 /* CoreDataPreviewHelper.swift */; };
		FDD705D12865DAE80003D311 /* NamePrompt.swift in Sources */ = {isa = PBXBuildFile; fileRef = FDD705D02865DAE80003D311 /* NamePrompt.swift */; };
		FDD705D52865DB060003D311 /* SpecialDatePrompt.swift in Sources */ = {isa = PBXBuildFile; fileRef = FDD705D42865DB060003D311 /* SpecialDatePrompt.swift */; };
		FDD705D72865DB6C0003D311 /* LoveLanguagePrompt.swift in Sources */ = {isa = PBXBuildFile; fileRef = FDD705D62865DB6C0003D311 /* LoveLanguagePrompt.swift */; };
		FDD705DA2865DB930003D311 /* QuestionLoveLanguage.swift in Sources */ = {isa = PBXBuildFile; fileRef = FDD705D92865DB930003D311 /* QuestionLoveLanguage.swift */; };
		FDD705DD2865DBCD0003D311 /* SpecialDatePage.swift in Sources */ = {isa = PBXBuildFile; fileRef = FDD705DC2865DBCD0003D311 /* SpecialDatePage.swift */; };
		FDD705DF2865DC100003D311 /* SpecialDateForm.swift in Sources */ = {isa = PBXBuildFile; fileRef = FDD705DE2865DC100003D311 /* SpecialDateForm.swift */; };
		FDD705E22865DC5A0003D311 /* MemoryPage.swift in Sources */ = {isa = PBXBuildFile; fileRef = FDD705E12865DC5A0003D311 /* MemoryPage.swift */; };
		FDD705E52865DC9B0003D311 /* ActivityPage.swift in Sources */ = {isa = PBXBuildFile; fileRef = FDD705E42865DC9B0003D311 /* ActivityPage.swift */; };
		FDD705E72865DCBA0003D311 /* ActivityForm.swift in Sources */ = {isa = PBXBuildFile; fileRef = FDD705E62865DCBA0003D311 /* ActivityForm.swift */; };
		FDD705EA2865DD020003D311 /* ProfilePage.swift in Sources */ = {isa = PBXBuildFile; fileRef = FDD705E92865DD020003D311 /* ProfilePage.swift */; };
		FDD705EC2865DD1A0003D311 /* TestResultPage.swift in Sources */ = {isa = PBXBuildFile; fileRef = FDD705EB2865DD1A0003D311 /* TestResultPage.swift */; };
		FDD705EE2865DD6C0003D311 /* MemoryForm.swift in Sources */ = {isa = PBXBuildFile; fileRef = FDD705ED2865DD6C0003D311 /* MemoryForm.swift */; };
		FDD705F02865DFB10003D311 /* OnboardingPage.swift in Sources */ = {isa = PBXBuildFile; fileRef = FDD705EF2865DFB10003D311 /* OnboardingPage.swift */; };
		FDD705F22868B0E00003D311 /* LoveLanguageTestOption.swift in Sources */ = {isa = PBXBuildFile; fileRef = FDD705F12868B0E00003D311 /* LoveLanguageTestOption.swift */; };
		FDD705F42868B1130003D311 /* LoveLanguageQuestion.swift in Sources */ = {isa = PBXBuildFile; fileRef = FDD705F32868B1130003D311 /* LoveLanguageQuestion.swift */; };
		FDD70668286AF4850003D311 /* OnboardingNextButton.swift in Sources */ = {isa = PBXBuildFile; fileRef = FDD70667286AF4840003D311 /* OnboardingNextButton.swift */; };
		FDFDDDE5286F3FFC00E303E3 /* ActivityList+CoreDataClass.swift in Sources */ = {isa = PBXBuildFile; fileRef = FDFDDDDF286F3FFB00E303E3 /* ActivityList+CoreDataClass.swift */; };
		FDFDDDE6286F3FFC00E303E3 /* LoveLanguages+CoreDataClass.swift in Sources */ = {isa = PBXBuildFile; fileRef = FDFDDDE0286F3FFC00E303E3 /* LoveLanguages+CoreDataClass.swift */; };
		FDFDDDE7286F3FFC00E303E3 /* LoveLanguages+CoreDataProperties.swift in Sources */ = {isa = PBXBuildFile; fileRef = FDFDDDE1286F3FFC00E303E3 /* LoveLanguages+CoreDataProperties.swift */; };
		FDFDDDE8286F3FFC00E303E3 /* SpecialDay+CoreDataClass.swift in Sources */ = {isa = PBXBuildFile; fileRef = FDFDDDE2286F3FFC00E303E3 /* SpecialDay+CoreDataClass.swift */; };
		FDFDDDE9286F3FFC00E303E3 /* ActivityList+CoreDataProperties.swift in Sources */ = {isa = PBXBuildFile; fileRef = FDFDDDE3286F3FFC00E303E3 /* ActivityList+CoreDataProperties.swift */; };
		FDFDDDEA286F3FFC00E303E3 /* SpecialDay+CoreDataProperties.swift in Sources */ = {isa = PBXBuildFile; fileRef = FDFDDDE4286F3FFC00E303E3 /* SpecialDay+CoreDataProperties.swift */; };
/* End PBXBuildFile section */

/* Begin PBXFileReference section */
		0E098815286B22DF00469A73 /* Colors.swift */ = {isa = PBXFileReference; lastKnownFileType = sourcecode.swift; path = Colors.swift; sourceTree = "<group>"; };
		0E4F2B672873F1FA00BCE4FC /* LaunchScreen.storyboard */ = {isa = PBXFileReference; lastKnownFileType = file.storyboard; path = LaunchScreen.storyboard; sourceTree = "<group>"; };
		0E6B25A42873650B0006B7BA /* Congrats.swift */ = {isa = PBXFileReference; lastKnownFileType = sourcecode.swift; path = Congrats.swift; sourceTree = "<group>"; };
		0ED794DB28730C9500BE09DF /* AddActivityForm.swift */ = {isa = PBXFileReference; lastKnownFileType = sourcecode.swift; path = AddActivityForm.swift; sourceTree = "<group>"; };
		0EE23A83285F626500ACBD61 /* Hover.app */ = {isa = PBXFileReference; explicitFileType = wrapper.application; includeInIndex = 0; path = Hover.app; sourceTree = BUILT_PRODUCTS_DIR; };
		0EE23A86285F626500ACBD61 /* HoverApp.swift */ = {isa = PBXFileReference; lastKnownFileType = sourcecode.swift; path = HoverApp.swift; sourceTree = "<group>"; };
		0EE23A88285F626500ACBD61 /* ContentView.swift */ = {isa = PBXFileReference; lastKnownFileType = sourcecode.swift; path = ContentView.swift; sourceTree = "<group>"; };
		0EE23A8A285F626700ACBD61 /* Assets.xcassets */ = {isa = PBXFileReference; lastKnownFileType = folder.assetcatalog; path = Assets.xcassets; sourceTree = "<group>"; };
		0EE23A8D285F626700ACBD61 /* Preview Assets.xcassets */ = {isa = PBXFileReference; lastKnownFileType = folder.assetcatalog; path = "Preview Assets.xcassets"; sourceTree = "<group>"; };
		0EE23A97285F62EA00ACBD61 /* HomeScreen.swift */ = {isa = PBXFileReference; lastKnownFileType = sourcecode.swift; path = HomeScreen.swift; sourceTree = "<group>"; };
		0EE23A9B285F633100ACBD61 /* Activity.swift */ = {isa = PBXFileReference; lastKnownFileType = sourcecode.swift; path = Activity.swift; sourceTree = "<group>"; };
		0EE23A9E285F63B700ACBD61 /* Tag.swift */ = {isa = PBXFileReference; lastKnownFileType = sourcecode.swift; path = Tag.swift; sourceTree = "<group>"; };
		0EE23AA1285F646B00ACBD61 /* Function.swift */ = {isa = PBXFileReference; fileEncoding = 4; lastKnownFileType = sourcecode.swift; path = Function.swift; sourceTree = "<group>"; };
		931C01802871C4F5001405CD /* NotificationFunction.swift */ = {isa = PBXFileReference; lastKnownFileType = sourcecode.swift; path = NotificationFunction.swift; sourceTree = "<group>"; };
		931C01822871C71C001405CD /* NotificationModel.swift */ = {isa = PBXFileReference; lastKnownFileType = sourcecode.swift; path = NotificationModel.swift; sourceTree = "<group>"; };
		931C01842871DB8E001405CD /* AppDelegate.swift */ = {isa = PBXFileReference; lastKnownFileType = sourcecode.swift; path = AppDelegate.swift; sourceTree = "<group>"; };
		937121A82872E10000019FD5 /* ListActivityRecommendation.swift */ = {isa = PBXFileReference; lastKnownFileType = sourcecode.swift; path = ListActivityRecommendation.swift; sourceTree = "<group>"; };
		937121AA2872E43C00019FD5 /* ListActivityRecommendationStructure.swift */ = {isa = PBXFileReference; lastKnownFileType = sourcecode.swift; path = ListActivityRecommendationStructure.swift; sourceTree = "<group>"; };
		937121AE28731E0900019FD5 /* LoveLanguageLogoBg.swift */ = {isa = PBXFileReference; lastKnownFileType = sourcecode.swift; path = LoveLanguageLogoBg.swift; sourceTree = "<group>"; };
		9384665E2868BCDE00A4CD36 /* DataController.swift */ = {isa = PBXFileReference; lastKnownFileType = sourcecode.swift; path = DataController.swift; sourceTree = "<group>"; };
		938466612868C22F00A4CD36 /* CoreDataTest.swift */ = {isa = PBXFileReference; lastKnownFileType = sourcecode.swift; path = CoreDataTest.swift; sourceTree = "<group>"; };
		93A99662286C4AB100B5F844 /* ActivityTest.swift */ = {isa = PBXFileReference; lastKnownFileType = sourcecode.swift; path = ActivityTest.swift; sourceTree = "<group>"; };
		93A99664286C4BEC00B5F844 /* ShowDataActivityTest.swift */ = {isa = PBXFileReference; lastKnownFileType = sourcecode.swift; path = ShowDataActivityTest.swift; sourceTree = "<group>"; };
		93DBDADD286CC86800F6AA47 /* ShowSpecialDay.swift */ = {isa = PBXFileReference; lastKnownFileType = sourcecode.swift; path = ShowSpecialDay.swift; sourceTree = "<group>"; };
		93DBDADF286CD13300F6AA47 /* AddSpecialDateTest.swift */ = {isa = PBXFileReference; lastKnownFileType = sourcecode.swift; path = AddSpecialDateTest.swift; sourceTree = "<group>"; };
		FD6D951F286CA30700A25687 /* CustomModifier.swift */ = {isa = PBXFileReference; lastKnownFileType = sourcecode.swift; path = CustomModifier.swift; sourceTree = "<group>"; };
		FD6D9521286CA88A00A25687 /* IntroLoveLanguagePrompt.swift */ = {isa = PBXFileReference; lastKnownFileType = sourcecode.swift; path = IntroLoveLanguagePrompt.swift; sourceTree = "<group>"; };
		FD6D9525286CB4E000A25687 /* Checklist.swift */ = {isa = PBXFileReference; lastKnownFileType = sourcecode.swift; path = Checklist.swift; sourceTree = "<group>"; };
		FD6D952A286CCCC200A25687 /* LoveLanguageUser.swift */ = {isa = PBXFileReference; lastKnownFileType = sourcecode.swift; path = LoveLanguageUser.swift; sourceTree = "<group>"; };
		FD7B63762871C88B00F019F4 /* ImagePicker.swift */ = {isa = PBXFileReference; lastKnownFileType = sourcecode.swift; path = ImagePicker.swift; sourceTree = "<group>"; };
		FD7B637D2871CBFD00F019F4 /* datLoveModelver2.0.xcdatamodel */ = {isa = PBXFileReference; lastKnownFileType = wrapper.xcdatamodel; path = datLoveModelver2.0.xcdatamodel; sourceTree = "<group>"; };
		FD7B637E2871CBFD00F019F4 /* datLoveModel.xcdatamodel */ = {isa = PBXFileReference; lastKnownFileType = wrapper.xcdatamodel; path = datLoveModel.xcdatamodel; sourceTree = "<group>"; };
		FD7B63812871CC2B00F019F4 /* User+CoreDataClass.swift */ = {isa = PBXFileReference; lastKnownFileType = sourcecode.swift; path = "User+CoreDataClass.swift"; sourceTree = "<group>"; };
		FD7B63822871CC2B00F019F4 /* User+CoreDataProperties.swift */ = {isa = PBXFileReference; lastKnownFileType = sourcecode.swift; path = "User+CoreDataProperties.swift"; sourceTree = "<group>"; };
		FD7B63852871DF1E00F019F4 /* Info.plist */ = {isa = PBXFileReference; lastKnownFileType = text.plist; path = Info.plist; sourceTree = "<group>"; };
		FD7B63862871DF9800F019F4 /* datLoveModelver2.1.xcdatamodel */ = {isa = PBXFileReference; lastKnownFileType = wrapper.xcdatamodel; path = datLoveModelver2.1.xcdatamodel; sourceTree = "<group>"; };
		FD8413C1286D5DE800E2C4E8 /* GlobalObject.swift */ = {isa = PBXFileReference; lastKnownFileType = sourcecode.swift; path = GlobalObject.swift; sourceTree = "<group>"; };
		FDAF4E55287337510023E153 /* LoveLanguageLogoBg.swift */ = {isa = PBXFileReference; fileEncoding = 4; lastKnownFileType = sourcecode.swift; path = LoveLanguageLogoBg.swift; sourceTree = "<group>"; };
		FDAF4E5928735F030023E153 /* SpecialDayDetail.swift */ = {isa = PBXFileReference; lastKnownFileType = sourcecode.swift; path = SpecialDayDetail.swift; sourceTree = "<group>"; };
		FDAF4E5B287367890023E153 /* datLoveModelver2.2.xcdatamodel */ = {isa = PBXFileReference; lastKnownFileType = wrapper.xcdatamodel; path = datLoveModelver2.2.xcdatamodel; sourceTree = "<group>"; };
		FDAF4E5C28736BE70023E153 /* LoveLanguagePageController.swift */ = {isa = PBXFileReference; lastKnownFileType = sourcecode.swift; path = LoveLanguagePageController.swift; sourceTree = "<group>"; };
		FDAFBBCC286F89D700627BA6 /* CoreDataPreviewHelper.swift */ = {isa = PBXFileReference; lastKnownFileType = sourcecode.swift; path = CoreDataPreviewHelper.swift; sourceTree = "<group>"; };
		FDD705D02865DAE80003D311 /* NamePrompt.swift */ = {isa = PBXFileReference; lastKnownFileType = sourcecode.swift; path = NamePrompt.swift; sourceTree = "<group>"; };
		FDD705D42865DB060003D311 /* SpecialDatePrompt.swift */ = {isa = PBXFileReference; lastKnownFileType = sourcecode.swift; path = SpecialDatePrompt.swift; sourceTree = "<group>"; };
		FDD705D62865DB6C0003D311 /* LoveLanguagePrompt.swift */ = {isa = PBXFileReference; lastKnownFileType = sourcecode.swift; path = LoveLanguagePrompt.swift; sourceTree = "<group>"; };
		FDD705D92865DB930003D311 /* QuestionLoveLanguage.swift */ = {isa = PBXFileReference; lastKnownFileType = sourcecode.swift; path = QuestionLoveLanguage.swift; sourceTree = "<group>"; };
		FDD705DC2865DBCD0003D311 /* SpecialDatePage.swift */ = {isa = PBXFileReference; lastKnownFileType = sourcecode.swift; path = SpecialDatePage.swift; sourceTree = "<group>"; };
		FDD705DE2865DC100003D311 /* SpecialDateForm.swift */ = {isa = PBXFileReference; lastKnownFileType = sourcecode.swift; path = SpecialDateForm.swift; sourceTree = "<group>"; };
		FDD705E12865DC5A0003D311 /* MemoryPage.swift */ = {isa = PBXFileReference; lastKnownFileType = sourcecode.swift; path = MemoryPage.swift; sourceTree = "<group>"; };
		FDD705E42865DC9B0003D311 /* ActivityPage.swift */ = {isa = PBXFileReference; lastKnownFileType = sourcecode.swift; path = ActivityPage.swift; sourceTree = "<group>"; };
		FDD705E62865DCBA0003D311 /* ActivityForm.swift */ = {isa = PBXFileReference; lastKnownFileType = sourcecode.swift; path = ActivityForm.swift; sourceTree = "<group>"; };
		FDD705E92865DD020003D311 /* ProfilePage.swift */ = {isa = PBXFileReference; lastKnownFileType = sourcecode.swift; path = ProfilePage.swift; sourceTree = "<group>"; };
		FDD705EB2865DD1A0003D311 /* TestResultPage.swift */ = {isa = PBXFileReference; lastKnownFileType = sourcecode.swift; path = TestResultPage.swift; sourceTree = "<group>"; };
		FDD705ED2865DD6C0003D311 /* MemoryForm.swift */ = {isa = PBXFileReference; lastKnownFileType = sourcecode.swift; path = MemoryForm.swift; sourceTree = "<group>"; };
		FDD705EF2865DFB10003D311 /* OnboardingPage.swift */ = {isa = PBXFileReference; lastKnownFileType = sourcecode.swift; path = OnboardingPage.swift; sourceTree = "<group>"; };
		FDD705F12868B0E00003D311 /* LoveLanguageTestOption.swift */ = {isa = PBXFileReference; lastKnownFileType = sourcecode.swift; path = LoveLanguageTestOption.swift; sourceTree = "<group>"; };
		FDD705F32868B1130003D311 /* LoveLanguageQuestion.swift */ = {isa = PBXFileReference; lastKnownFileType = sourcecode.swift; path = LoveLanguageQuestion.swift; sourceTree = "<group>"; };
		FDD70667286AF4840003D311 /* OnboardingNextButton.swift */ = {isa = PBXFileReference; lastKnownFileType = sourcecode.swift; path = OnboardingNextButton.swift; sourceTree = "<group>"; };
		FDFDDDDF286F3FFB00E303E3 /* ActivityList+CoreDataClass.swift */ = {isa = PBXFileReference; fileEncoding = 4; lastKnownFileType = sourcecode.swift; path = "ActivityList+CoreDataClass.swift"; sourceTree = "<group>"; };
		FDFDDDE0286F3FFC00E303E3 /* LoveLanguages+CoreDataClass.swift */ = {isa = PBXFileReference; fileEncoding = 4; lastKnownFileType = sourcecode.swift; path = "LoveLanguages+CoreDataClass.swift"; sourceTree = "<group>"; };
		FDFDDDE1286F3FFC00E303E3 /* LoveLanguages+CoreDataProperties.swift */ = {isa = PBXFileReference; fileEncoding = 4; lastKnownFileType = sourcecode.swift; path = "LoveLanguages+CoreDataProperties.swift"; sourceTree = "<group>"; };
		FDFDDDE2286F3FFC00E303E3 /* SpecialDay+CoreDataClass.swift */ = {isa = PBXFileReference; fileEncoding = 4; lastKnownFileType = sourcecode.swift; path = "SpecialDay+CoreDataClass.swift"; sourceTree = "<group>"; };
		FDFDDDE3286F3FFC00E303E3 /* ActivityList+CoreDataProperties.swift */ = {isa = PBXFileReference; fileEncoding = 4; lastKnownFileType = sourcecode.swift; path = "ActivityList+CoreDataProperties.swift"; sourceTree = "<group>"; };
		FDFDDDE4286F3FFC00E303E3 /* SpecialDay+CoreDataProperties.swift */ = {isa = PBXFileReference; fileEncoding = 4; lastKnownFileType = sourcecode.swift; path = "SpecialDay+CoreDataProperties.swift"; sourceTree = "<group>"; };
/* End PBXFileReference section */

/* Begin PBXFrameworksBuildPhase section */
		0EE23A80285F626500ACBD61 /* Frameworks */ = {
			isa = PBXFrameworksBuildPhase;
			buildActionMask = 2147483647;
			files = (
			);
			runOnlyForDeploymentPostprocessing = 0;
		};
/* End PBXFrameworksBuildPhase section */

/* Begin PBXGroup section */
		0E6B25A3287364FC0006B7BA /* congrats */ = {
			isa = PBXGroup;
			children = (
				0E6B25A42873650B0006B7BA /* Congrats.swift */,
			);
			path = congrats;
			sourceTree = "<group>";
		};
		0EE23A7A285F626500ACBD61 = {
			isa = PBXGroup;
			children = (
				0EE23A85285F626500ACBD61 /* Hover */,
				0EE23A84285F626500ACBD61 /* Products */,
				FDFDDDDD286F3F0B00E303E3 /* Recovered References */,
			);
			sourceTree = "<group>";
		};
		0EE23A84285F626500ACBD61 /* Products */ = {
			isa = PBXGroup;
			children = (
				0EE23A83285F626500ACBD61 /* Hover.app */,
			);
			name = Products;
			sourceTree = "<group>";
		};
		0EE23A85285F626500ACBD61 /* Hover */ = {
			isa = PBXGroup;
			children = (
				FD7B63852871DF1E00F019F4 /* Info.plist */,
				FD7B637C2871CBFD00F019F4 /* datLoveModel.xcdatamodeld */,
				930DAED328709EC400059842 /* Notification */,
				938466602868C21700A4CD36 /* CoreDataTest */,
				0EE23AA0285F644A00ACBD61 /* services */,
				0EE23A99285F631E00ACBD61 /* models */,
				0EE23A86285F626500ACBD61 /* HoverApp.swift */,
				0EE23A88285F626500ACBD61 /* ContentView.swift */,
				0EE23A94285F62AF00ACBD61 /* views */,
				0EE23A8A285F626700ACBD61 /* Assets.xcassets */,
				0EE23A8C285F626700ACBD61 /* Preview Content */,
				0E4F2B672873F1FA00BCE4FC /* LaunchScreen.storyboard */,
			);
			path = Hover;
			sourceTree = "<group>";
		};
		0EE23A8C285F626700ACBD61 /* Preview Content */ = {
			isa = PBXGroup;
			children = (
				0EE23A8D285F626700ACBD61 /* Preview Assets.xcassets */,
			);
			path = "Preview Content";
			sourceTree = "<group>";
		};
		0EE23A94285F62AF00ACBD61 /* views */ = {
			isa = PBXGroup;
			children = (
				0EE23A9D285F63A900ACBD61 /* _shared */,
				0EE23A95285F62B900ACBD61 /* screen */,
			);
			path = views;
			sourceTree = "<group>";
		};
		0EE23A95285F62B900ACBD61 /* screen */ = {
			isa = PBXGroup;
			children = (
				0E6B25A3287364FC0006B7BA /* congrats */,
				FDD705E82865DCF60003D311 /* profile */,
				FDD705E32865DC8D0003D311 /* activity */,
				FDD705E02865DC4F0003D311 /* memory */,
				FDD705DB2865DBB20003D311 /* specialDate */,
				FDD705D82865DB720003D311 /* loveLanguageTest */,
				FDD705CF2865DAB10003D311 /* onboarding */,
				0EE23A96285F62D300ACBD61 /* home */,
			);
			path = screen;
			sourceTree = "<group>";
		};
		0EE23A96285F62D300ACBD61 /* home */ = {
			isa = PBXGroup;
			children = (
				0EE23A97285F62EA00ACBD61 /* HomeScreen.swift */,
			);
			path = home;
			sourceTree = "<group>";
		};
		0EE23A99285F631E00ACBD61 /* models */ = {
			isa = PBXGroup;
			children = (
				FD7B63812871CC2B00F019F4 /* User+CoreDataClass.swift */,
				FD7B63822871CC2B00F019F4 /* User+CoreDataProperties.swift */,
				0EE23A9B285F633100ACBD61 /* Activity.swift */,
				FDD705F12868B0E00003D311 /* LoveLanguageTestOption.swift */,
				FDD705F32868B1130003D311 /* LoveLanguageQuestion.swift */,
				9384665E2868BCDE00A4CD36 /* DataController.swift */,
				FD6D952A286CCCC200A25687 /* LoveLanguageUser.swift */,
				FD8413C1286D5DE800E2C4E8 /* GlobalObject.swift */,
				FDFDDDDF286F3FFB00E303E3 /* ActivityList+CoreDataClass.swift */,
				FDFDDDE3286F3FFC00E303E3 /* ActivityList+CoreDataProperties.swift */,
				FDFDDDE0286F3FFC00E303E3 /* LoveLanguages+CoreDataClass.swift */,
				FDFDDDE1286F3FFC00E303E3 /* LoveLanguages+CoreDataProperties.swift */,
				FDFDDDE2286F3FFC00E303E3 /* SpecialDay+CoreDataClass.swift */,
				FDFDDDE4286F3FFC00E303E3 /* SpecialDay+CoreDataProperties.swift */,
				937121A82872E10000019FD5 /* ListActivityRecommendation.swift */,
				937121AA2872E43C00019FD5 /* ListActivityRecommendationStructure.swift */,
			);
			path = models;
			sourceTree = "<group>";
		};
		0EE23A9D285F63A900ACBD61 /* _shared */ = {
			isa = PBXGroup;
			children = (
				0EE23A9E285F63B700ACBD61 /* Tag.swift */,
				FDAF4E55287337510023E153 /* LoveLanguageLogoBg.swift */,
				FDD70667286AF4840003D311 /* OnboardingNextButton.swift */,
				FD6D951F286CA30700A25687 /* CustomModifier.swift */,
				FD6D9525286CB4E000A25687 /* Checklist.swift */,
				FD7B63762871C88B00F019F4 /* ImagePicker.swift */,
				937121AE28731E0900019FD5 /* LoveLanguageLogoBg.swift */,
			);
			path = _shared;
			sourceTree = "<group>";
		};
		0EE23AA0285F644A00ACBD61 /* services */ = {
			isa = PBXGroup;
			children = (
				0EE23AA1285F646B00ACBD61 /* Function.swift */,
				0E098815286B22DF00469A73 /* Colors.swift */,
				FDAFBBCC286F89D700627BA6 /* CoreDataPreviewHelper.swift */,
			);
			path = services;
			sourceTree = "<group>";
		};
		930DAED328709EC400059842 /* Notification */ = {
			isa = PBXGroup;
			children = (
				931C01802871C4F5001405CD /* NotificationFunction.swift */,
				931C01822871C71C001405CD /* NotificationModel.swift */,
				931C01842871DB8E001405CD /* AppDelegate.swift */,
			);
			path = Notification;
			sourceTree = "<group>";
		};
		938466602868C21700A4CD36 /* CoreDataTest */ = {
			isa = PBXGroup;
			children = (
				938466612868C22F00A4CD36 /* CoreDataTest.swift */,
				93A99662286C4AB100B5F844 /* ActivityTest.swift */,
				93A99664286C4BEC00B5F844 /* ShowDataActivityTest.swift */,
				93DBDADD286CC86800F6AA47 /* ShowSpecialDay.swift */,
				93DBDADF286CD13300F6AA47 /* AddSpecialDateTest.swift */,
			);
			path = CoreDataTest;
			sourceTree = "<group>";
		};
		FDD705CF2865DAB10003D311 /* onboarding */ = {
			isa = PBXGroup;
			children = (
				FDD705D02865DAE80003D311 /* NamePrompt.swift */,
				FDD705D42865DB060003D311 /* SpecialDatePrompt.swift */,
				FDD705D62865DB6C0003D311 /* LoveLanguagePrompt.swift */,
				FDD705EF2865DFB10003D311 /* OnboardingPage.swift */,
				FD6D9521286CA88A00A25687 /* IntroLoveLanguagePrompt.swift */,
			);
			path = onboarding;
			sourceTree = "<group>";
		};
		FDD705D82865DB720003D311 /* loveLanguageTest */ = {
			isa = PBXGroup;
			children = (
				FDD705D92865DB930003D311 /* QuestionLoveLanguage.swift */,
				FDD705EB2865DD1A0003D311 /* TestResultPage.swift */,
				FDAF4E5C28736BE70023E153 /* LoveLanguagePageController.swift */,
			);
			path = loveLanguageTest;
			sourceTree = "<group>";
		};
		FDD705DB2865DBB20003D311 /* specialDate */ = {
			isa = PBXGroup;
			children = (
				FDD705DC2865DBCD0003D311 /* SpecialDatePage.swift */,
				FDD705DE2865DC100003D311 /* SpecialDateForm.swift */,
				0ED794DB28730C9500BE09DF /* AddActivityForm.swift */,
				FDAF4E5928735F030023E153 /* SpecialDayDetail.swift */,
			);
			path = specialDate;
			sourceTree = "<group>";
		};
		FDD705E02865DC4F0003D311 /* memory */ = {
			isa = PBXGroup;
			children = (
				FDD705E12865DC5A0003D311 /* MemoryPage.swift */,
				FDD705ED2865DD6C0003D311 /* MemoryForm.swift */,
			);
			path = memory;
			sourceTree = "<group>";
		};
		FDD705E32865DC8D0003D311 /* activity */ = {
			isa = PBXGroup;
			children = (
				FDD705E42865DC9B0003D311 /* ActivityPage.swift */,
				FDD705E62865DCBA0003D311 /* ActivityForm.swift */,
			);
			path = activity;
			sourceTree = "<group>";
		};
		FDD705E82865DCF60003D311 /* profile */ = {
			isa = PBXGroup;
			children = (
				FDD705E92865DD020003D311 /* ProfilePage.swift */,
			);
			path = profile;
			sourceTree = "<group>";
		};
		FDFDDDDD286F3F0B00E303E3 /* Recovered References */ = {
			isa = PBXGroup;
			children = (
			);
			name = "Recovered References";
			sourceTree = "<group>";
		};
/* End PBXGroup section */

/* Begin PBXNativeTarget section */
		0EE23A82285F626500ACBD61 /* Hover */ = {
			isa = PBXNativeTarget;
			buildConfigurationList = 0EE23A91285F626700ACBD61 /* Build configuration list for PBXNativeTarget "Hover" */;
			buildPhases = (
				0EE23A7F285F626500ACBD61 /* Sources */,
				0EE23A80285F626500ACBD61 /* Frameworks */,
				0EE23A81285F626500ACBD61 /* Resources */,
			);
			buildRules = (
			);
			dependencies = (
			);
			name = Hover;
			productName = Hover;
			productReference = 0EE23A83285F626500ACBD61 /* Hover.app */;
			productType = "com.apple.product-type.application";
		};
/* End PBXNativeTarget section */

/* Begin PBXProject section */
		0EE23A7B285F626500ACBD61 /* Project object */ = {
			isa = PBXProject;
			attributes = {
				BuildIndependentTargetsInParallel = 1;
				LastSwiftUpdateCheck = 1340;
				LastUpgradeCheck = 1340;
				TargetAttributes = {
					0EE23A82285F626500ACBD61 = {
						CreatedOnToolsVersion = 13.4;
					};
				};
			};
			buildConfigurationList = 0EE23A7E285F626500ACBD61 /* Build configuration list for PBXProject "Hover" */;
			compatibilityVersion = "Xcode 13.0";
			developmentRegion = en;
			hasScannedForEncodings = 0;
			knownRegions = (
				en,
				Base,
			);
			mainGroup = 0EE23A7A285F626500ACBD61;
			productRefGroup = 0EE23A84285F626500ACBD61 /* Products */;
			projectDirPath = "";
			projectRoot = "";
			targets = (
				0EE23A82285F626500ACBD61 /* Hover */,
			);
		};
/* End PBXProject section */

/* Begin PBXResourcesBuildPhase section */
		0EE23A81285F626500ACBD61 /* Resources */ = {
			isa = PBXResourcesBuildPhase;
			buildActionMask = 2147483647;
			files = (
				0E4F2B682873F1FA00BCE4FC /* LaunchScreen.storyboard in Resources */,
				0EE23A8E285F626700ACBD61 /* Preview Assets.xcassets in Resources */,
				0EE23A8B285F626700ACBD61 /* Assets.xcassets in Resources */,
			);
			runOnlyForDeploymentPostprocessing = 0;
		};
/* End PBXResourcesBuildPhase section */

/* Begin PBXSourcesBuildPhase section */
		0EE23A7F285F626500ACBD61 /* Sources */ = {
			isa = PBXSourcesBuildPhase;
			buildActionMask = 2147483647;
			files = (
				FD6D952B286CCCC200A25687 /* LoveLanguageUser.swift in Sources */,
				FDFDDDE6286F3FFC00E303E3 /* LoveLanguages+CoreDataClass.swift in Sources */,
				0EE23A89285F626500ACBD61 /* ContentView.swift in Sources */,
				FDAF4E56287337510023E153 /* LoveLanguageLogoBg.swift in Sources */,
				FD7B63802871CBFD00F019F4 /* datLoveModel.xcdatamodeld in Sources */,
				0ED794DC28730C9500BE09DF /* AddActivityForm.swift in Sources */,
				FDD705DA2865DB930003D311 /* QuestionLoveLanguage.swift in Sources */,
				FDD705F22868B0E00003D311 /* LoveLanguageTestOption.swift in Sources */,
				FD6D9526286CB4E000A25687 /* Checklist.swift in Sources */,
				FDD705F02865DFB10003D311 /* OnboardingPage.swift in Sources */,
				FDAF4E5D28736BE70023E153 /* LoveLanguagePageController.swift in Sources */,
				93A99663286C4AB100B5F844 /* ActivityTest.swift in Sources */,
				FDD705EE2865DD6C0003D311 /* MemoryForm.swift in Sources */,
				FDD705DD2865DBCD0003D311 /* SpecialDatePage.swift in Sources */,
				FDD705E22865DC5A0003D311 /* MemoryPage.swift in Sources */,
				FD7B63772871C88B00F019F4 /* ImagePicker.swift in Sources */,
				FD7B63832871CC2B00F019F4 /* User+CoreDataClass.swift in Sources */,
				FDD705DF2865DC100003D311 /* SpecialDateForm.swift in Sources */,
				FDD70668286AF4850003D311 /* OnboardingNextButton.swift in Sources */,
				931C01812871C4F5001405CD /* NotificationFunction.swift in Sources */,
				FD6D9520286CA30700A25687 /* CustomModifier.swift in Sources */,
				9384665F2868BCDE00A4CD36 /* DataController.swift in Sources */,
				0EE23A87285F626500ACBD61 /* HoverApp.swift in Sources */,
				931C01832871C71C001405CD /* NotificationModel.swift in Sources */,
				93DBDADE286CC86800F6AA47 /* ShowSpecialDay.swift in Sources */,
				0EE23A9F285F63B700ACBD61 /* Tag.swift in Sources */,
				FDFDDDE5286F3FFC00E303E3 /* ActivityList+CoreDataClass.swift in Sources */,
				FDAF4E5A28735F030023E153 /* SpecialDayDetail.swift in Sources */,
				931C01852871DB8E001405CD /* AppDelegate.swift in Sources */,
				FDD705D12865DAE80003D311 /* NamePrompt.swift in Sources */,
				0EE23AA2285F646B00ACBD61 /* Function.swift in Sources */,
				FD8413C2286D5DE800E2C4E8 /* GlobalObject.swift in Sources */,
				FDFDDDE9286F3FFC00E303E3 /* ActivityList+CoreDataProperties.swift in Sources */,
				0E098816286B22DF00469A73 /* Colors.swift in Sources */,
				FDFDDDEA286F3FFC00E303E3 /* SpecialDay+CoreDataProperties.swift in Sources */,
				FDD705E72865DCBA0003D311 /* ActivityForm.swift in Sources */,
				FDD705EA2865DD020003D311 /* ProfilePage.swift in Sources */,
				FDD705E52865DC9B0003D311 /* ActivityPage.swift in Sources */,
				FDFDDDE8286F3FFC00E303E3 /* SpecialDay+CoreDataClass.swift in Sources */,
				FDD705D52865DB060003D311 /* SpecialDatePrompt.swift in Sources */,
				0E6B25A52873650B0006B7BA /* Congrats.swift in Sources */,
				0EE23A9C285F633100ACBD61 /* Activity.swift in Sources */,
				0EE23A98285F62EA00ACBD61 /* HomeScreen.swift in Sources */,
				FD6D9522286CA88A00A25687 /* IntroLoveLanguagePrompt.swift in Sources */,
				937121A92872E10000019FD5 /* ListActivityRecommendation.swift in Sources */,
				FDD705F42868B1130003D311 /* LoveLanguageQuestion.swift in Sources */,
				937121AB2872E43C00019FD5 /* ListActivityRecommendationStructure.swift in Sources */,
				FDD705EC2865DD1A0003D311 /* TestResultPage.swift in Sources */,
				93DBDAE0286CD13300F6AA47 /* AddSpecialDateTest.swift in Sources */,
				FDAFBBCD286F89D700627BA6 /* CoreDataPreviewHelper.swift in Sources */,
				93A99665286C4BEC00B5F844 /* ShowDataActivityTest.swift in Sources */,
				FD7B63842871CC2B00F019F4 /* User+CoreDataProperties.swift in Sources */,
				FDFDDDE7286F3FFC00E303E3 /* LoveLanguages+CoreDataProperties.swift in Sources */,
				938466622868C22F00A4CD36 /* CoreDataTest.swift in Sources */,
				937121AF28731E0900019FD5 /* LoveLanguageLogoBg.swift in Sources */,
				FDD705D72865DB6C0003D311 /* LoveLanguagePrompt.swift in Sources */,
			);
			runOnlyForDeploymentPostprocessing = 0;
		};
/* End PBXSourcesBuildPhase section */

/* Begin XCBuildConfiguration section */
		0EE23A8F285F626700ACBD61 /* Debug */ = {
			isa = XCBuildConfiguration;
			buildSettings = {
				ALWAYS_SEARCH_USER_PATHS = NO;
				CLANG_ANALYZER_NONNULL = YES;
				CLANG_ANALYZER_NUMBER_OBJECT_CONVERSION = YES_AGGRESSIVE;
				CLANG_CXX_LANGUAGE_STANDARD = "gnu++17";
				CLANG_ENABLE_MODULES = YES;
				CLANG_ENABLE_OBJC_ARC = YES;
				CLANG_ENABLE_OBJC_WEAK = YES;
				CLANG_WARN_BLOCK_CAPTURE_AUTORELEASING = YES;
				CLANG_WARN_BOOL_CONVERSION = YES;
				CLANG_WARN_COMMA = YES;
				CLANG_WARN_CONSTANT_CONVERSION = YES;
				CLANG_WARN_DEPRECATED_OBJC_IMPLEMENTATIONS = YES;
				CLANG_WARN_DIRECT_OBJC_ISA_USAGE = YES_ERROR;
				CLANG_WARN_DOCUMENTATION_COMMENTS = YES;
				CLANG_WARN_EMPTY_BODY = YES;
				CLANG_WARN_ENUM_CONVERSION = YES;
				CLANG_WARN_INFINITE_RECURSION = YES;
				CLANG_WARN_INT_CONVERSION = YES;
				CLANG_WARN_NON_LITERAL_NULL_CONVERSION = YES;
				CLANG_WARN_OBJC_IMPLICIT_RETAIN_SELF = YES;
				CLANG_WARN_OBJC_LITERAL_CONVERSION = YES;
				CLANG_WARN_OBJC_ROOT_CLASS = YES_ERROR;
				CLANG_WARN_QUOTED_INCLUDE_IN_FRAMEWORK_HEADER = YES;
				CLANG_WARN_RANGE_LOOP_ANALYSIS = YES;
				CLANG_WARN_STRICT_PROTOTYPES = YES;
				CLANG_WARN_SUSPICIOUS_MOVE = YES;
				CLANG_WARN_UNGUARDED_AVAILABILITY = YES_AGGRESSIVE;
				CLANG_WARN_UNREACHABLE_CODE = YES;
				CLANG_WARN__DUPLICATE_METHOD_MATCH = YES;
				COPY_PHASE_STRIP = NO;
				DEBUG_INFORMATION_FORMAT = dwarf;
				ENABLE_STRICT_OBJC_MSGSEND = YES;
				ENABLE_TESTABILITY = YES;
				GCC_C_LANGUAGE_STANDARD = gnu11;
				GCC_DYNAMIC_NO_PIC = NO;
				GCC_NO_COMMON_BLOCKS = YES;
				GCC_OPTIMIZATION_LEVEL = 0;
				GCC_PREPROCESSOR_DEFINITIONS = (
					"DEBUG=1",
					"$(inherited)",
				);
				GCC_WARN_64_TO_32_BIT_CONVERSION = YES;
				GCC_WARN_ABOUT_RETURN_TYPE = YES_ERROR;
				GCC_WARN_UNDECLARED_SELECTOR = YES;
				GCC_WARN_UNINITIALIZED_AUTOS = YES_AGGRESSIVE;
				GCC_WARN_UNUSED_FUNCTION = YES;
				GCC_WARN_UNUSED_VARIABLE = YES;
				INFOPLIST_KEY_CFBundleDisplayName = datLove;
				IPHONEOS_DEPLOYMENT_TARGET = 15.5;
				MTL_ENABLE_DEBUG_INFO = INCLUDE_SOURCE;
				MTL_FAST_MATH = YES;
				ONLY_ACTIVE_ARCH = YES;
				SDKROOT = iphoneos;
				SWIFT_ACTIVE_COMPILATION_CONDITIONS = DEBUG;
				SWIFT_OPTIMIZATION_LEVEL = "-Onone";
			};
			name = Debug;
		};
		0EE23A90285F626700ACBD61 /* Release */ = {
			isa = XCBuildConfiguration;
			buildSettings = {
				ALWAYS_SEARCH_USER_PATHS = NO;
				CLANG_ANALYZER_NONNULL = YES;
				CLANG_ANALYZER_NUMBER_OBJECT_CONVERSION = YES_AGGRESSIVE;
				CLANG_CXX_LANGUAGE_STANDARD = "gnu++17";
				CLANG_ENABLE_MODULES = YES;
				CLANG_ENABLE_OBJC_ARC = YES;
				CLANG_ENABLE_OBJC_WEAK = YES;
				CLANG_WARN_BLOCK_CAPTURE_AUTORELEASING = YES;
				CLANG_WARN_BOOL_CONVERSION = YES;
				CLANG_WARN_COMMA = YES;
				CLANG_WARN_CONSTANT_CONVERSION = YES;
				CLANG_WARN_DEPRECATED_OBJC_IMPLEMENTATIONS = YES;
				CLANG_WARN_DIRECT_OBJC_ISA_USAGE = YES_ERROR;
				CLANG_WARN_DOCUMENTATION_COMMENTS = YES;
				CLANG_WARN_EMPTY_BODY = YES;
				CLANG_WARN_ENUM_CONVERSION = YES;
				CLANG_WARN_INFINITE_RECURSION = YES;
				CLANG_WARN_INT_CONVERSION = YES;
				CLANG_WARN_NON_LITERAL_NULL_CONVERSION = YES;
				CLANG_WARN_OBJC_IMPLICIT_RETAIN_SELF = YES;
				CLANG_WARN_OBJC_LITERAL_CONVERSION = YES;
				CLANG_WARN_OBJC_ROOT_CLASS = YES_ERROR;
				CLANG_WARN_QUOTED_INCLUDE_IN_FRAMEWORK_HEADER = YES;
				CLANG_WARN_RANGE_LOOP_ANALYSIS = YES;
				CLANG_WARN_STRICT_PROTOTYPES = YES;
				CLANG_WARN_SUSPICIOUS_MOVE = YES;
				CLANG_WARN_UNGUARDED_AVAILABILITY = YES_AGGRESSIVE;
				CLANG_WARN_UNREACHABLE_CODE = YES;
				CLANG_WARN__DUPLICATE_METHOD_MATCH = YES;
				COPY_PHASE_STRIP = NO;
				DEBUG_INFORMATION_FORMAT = "dwarf-with-dsym";
				ENABLE_NS_ASSERTIONS = NO;
				ENABLE_STRICT_OBJC_MSGSEND = YES;
				GCC_C_LANGUAGE_STANDARD = gnu11;
				GCC_NO_COMMON_BLOCKS = YES;
				GCC_WARN_64_TO_32_BIT_CONVERSION = YES;
				GCC_WARN_ABOUT_RETURN_TYPE = YES_ERROR;
				GCC_WARN_UNDECLARED_SELECTOR = YES;
				GCC_WARN_UNINITIALIZED_AUTOS = YES_AGGRESSIVE;
				GCC_WARN_UNUSED_FUNCTION = YES;
				GCC_WARN_UNUSED_VARIABLE = YES;
				INFOPLIST_KEY_CFBundleDisplayName = datLove;
				IPHONEOS_DEPLOYMENT_TARGET = 15.5;
				MTL_ENABLE_DEBUG_INFO = NO;
				MTL_FAST_MATH = YES;
				SDKROOT = iphoneos;
				SWIFT_COMPILATION_MODE = wholemodule;
				SWIFT_OPTIMIZATION_LEVEL = "-O";
				VALIDATE_PRODUCT = YES;
			};
			name = Release;
		};
		0EE23A92285F626700ACBD61 /* Debug */ = {
			isa = XCBuildConfiguration;
			buildSettings = {
				ASSETCATALOG_COMPILER_APPICON_NAME = AppIcon;
				ASSETCATALOG_COMPILER_GLOBAL_ACCENT_COLOR_NAME = AccentColor;
				CODE_SIGN_STYLE = Automatic;
				CURRENT_PROJECT_VERSION = 5;
				DEVELOPMENT_ASSET_PATHS = "\"Hover/Preview Content\"";
				DEVELOPMENT_TEAM = FANN368M5W;
				ENABLE_PREVIEWS = YES;
				GENERATE_INFOPLIST_FILE = YES;
				INFOPLIST_FILE = Hover/Info.plist;
				INFOPLIST_KEY_CFBundleDisplayName = datLove;
				INFOPLIST_KEY_NSCameraUsageDescription = "Camera is needed";
				INFOPLIST_KEY_NSPhotoLibraryUsageDescription = "Access to Photo Library is needed for saving captured media.";
				INFOPLIST_KEY_UIApplicationSceneManifest_Generation = YES;
				INFOPLIST_KEY_UIApplicationSupportsIndirectInputEvents = YES;
				INFOPLIST_KEY_UILaunchScreen_Generation = YES;
				INFOPLIST_KEY_UILaunchStoryboardName = LaunchScreen;
				INFOPLIST_KEY_UISupportedInterfaceOrientations = UIInterfaceOrientationPortrait;
				INFOPLIST_KEY_UISupportedInterfaceOrientations_iPad = "UIInterfaceOrientationPortrait UIInterfaceOrientationPortraitUpsideDown UIInterfaceOrientationLandscapeLeft UIInterfaceOrientationLandscapeRight";
				INFOPLIST_KEY_UISupportedInterfaceOrientations_iPhone = "UIInterfaceOrientationPortrait UIInterfaceOrientationLandscapeLeft UIInterfaceOrientationLandscapeRight";
				INFOPLIST_KEY_UIUserInterfaceStyle = Light;
				LD_RUNPATH_SEARCH_PATHS = (
					"$(inherited)",
					"@executable_path/Frameworks",
				);
				MARKETING_VERSION = 1.0;
				PRODUCT_BUNDLE_IDENTIFIER = com.ahaez.datLove;
				PRODUCT_NAME = "$(TARGET_NAME)";
				SWIFT_EMIT_LOC_STRINGS = YES;
				SWIFT_VERSION = 5.0;
				TARGETED_DEVICE_FAMILY = "1,2";
			};
			name = Debug;
		};
		0EE23A93285F626700ACBD61 /* Release */ = {
			isa = XCBuildConfiguration;
			buildSettings = {
				ASSETCATALOG_COMPILER_APPICON_NAME = AppIcon;
				ASSETCATALOG_COMPILER_GLOBAL_ACCENT_COLOR_NAME = AccentColor;
				CODE_SIGN_STYLE = Automatic;
				CURRENT_PROJECT_VERSION = 5;
				DEVELOPMENT_ASSET_PATHS = "\"Hover/Preview Content\"";
				DEVELOPMENT_TEAM = FANN368M5W;
				GENERATE_INFOPLIST_FILE = YES;
				INFOPLIST_FILE = Hover/Info.plist;
				INFOPLIST_KEY_CFBundleDisplayName = datLove;
				INFOPLIST_KEY_NSCameraUsageDescription = "Camera is needed";
				INFOPLIST_KEY_NSPhotoLibraryUsageDescription = "Access to Photo Library is needed for saving captured media.";
				INFOPLIST_KEY_UIApplicationSceneManifest_Generation = YES;
				INFOPLIST_KEY_UIApplicationSupportsIndirectInputEvents = YES;
				INFOPLIST_KEY_UILaunchScreen_Generation = YES;
				INFOPLIST_KEY_UILaunchStoryboardName = LaunchScreen;
				INFOPLIST_KEY_UISupportedInterfaceOrientations = UIInterfaceOrientationPortrait;
				INFOPLIST_KEY_UISupportedInterfaceOrientations_iPad = "UIInterfaceOrientationPortrait UIInterfaceOrientationPortraitUpsideDown UIInterfaceOrientationLandscapeLeft UIInterfaceOrientationLandscapeRight";
				INFOPLIST_KEY_UISupportedInterfaceOrientations_iPhone = "UIInterfaceOrientationPortrait UIInterfaceOrientationLandscapeLeft UIInterfaceOrientationLandscapeRight";
				INFOPLIST_KEY_UIUserInterfaceStyle = Light;
				LD_RUNPATH_SEARCH_PATHS = (
					"$(inherited)",
					"@executable_path/Frameworks",
				);
				MARKETING_VERSION = 1.0;
				PRODUCT_BUNDLE_IDENTIFIER = com.ahaez.datLove;
				PRODUCT_NAME = "$(TARGET_NAME)";
				SWIFT_EMIT_LOC_STRINGS = YES;
				SWIFT_VERSION = 5.0;
				TARGETED_DEVICE_FAMILY = "1,2";
			};
			name = Release;
		};
/* End XCBuildConfiguration section */

/* Begin XCConfigurationList section */
		0EE23A7E285F626500ACBD61 /* Build configuration list for PBXProject "Hover" */ = {
			isa = XCConfigurationList;
			buildConfigurations = (
				0EE23A8F285F626700ACBD61 /* Debug */,
				0EE23A90285F626700ACBD61 /* Release */,
			);
			defaultConfigurationIsVisible = 0;
			defaultConfigurationName = Release;
		};
		0EE23A91285F626700ACBD61 /* Build configuration list for PBXNativeTarget "Hover" */ = {
			isa = XCConfigurationList;
			buildConfigurations = (
				0EE23A92285F626700ACBD61 /* Debug */,
				0EE23A93285F626700ACBD61 /* Release */,
			);
			defaultConfigurationIsVisible = 0;
			defaultConfigurationName = Release;
		};
/* End XCConfigurationList section */

/* Begin XCVersionGroup section */
		FD7B637C2871CBFD00F019F4 /* datLoveModel.xcdatamodeld */ = {
			isa = XCVersionGroup;
			children = (
				FDAF4E5B287367890023E153 /* datLoveModelver2.2.xcdatamodel */,
				FD7B63862871DF9800F019F4 /* datLoveModelver2.1.xcdatamodel */,
				FD7B637D2871CBFD00F019F4 /* datLoveModelver2.0.xcdatamodel */,
				FD7B637E2871CBFD00F019F4 /* datLoveModel.xcdatamodel */,
			);
			currentVersion = FDAF4E5B287367890023E153 /* datLoveModelver2.2.xcdatamodel */;
			path = datLoveModel.xcdatamodeld;
			sourceTree = "<group>";
			versionGroupType = wrapper.xcdatamodel;
		};
/* End XCVersionGroup section */
	};
	rootObject = 0EE23A7B285F626500ACBD61 /* Project object */;
}
